Microsoft Visual Studio Solution File, Format Version 12.00
# Visual Studio Version 17
VisualStudioVersion = 17.5.2.0
MinimumVisualStudioVersion = 10.0.40219.1
Project("{FAE04EC0-301F-11D3-BF4B-00C04F79EFBC}") = "ChecklistGenerator", "ChecklistGenerator\ChecklistGenerator.csproj", "{09ADB248-5A82-2EE7-39A0-1DF681A8108A}"
EndProject
Global
	GlobalSection(SolutionConfigurationPlatforms) = preSolution
		Debug|Any CPU = Debug|Any CPU
		Release|Any CPU = Release|Any CPU
	EndGlobalSection
	GlobalSection(ProjectConfigurationPlatforms) = postSolution
		{09ADB248-5A82-2EE7-39A0-1DF681A8108A}.Debug|Any CPU.ActiveCfg = Debug|Any CPU
		{09ADB248-5A82-2EE7-39A0-1DF681A8108A}.Debug|Any CPU.Build.0 = Debug|Any CPU
		{09ADB248-5A82-2EE7-39A0-1DF681A8108A}.Release|Any CPU.ActiveCfg = Release|Any CPU
		{09ADB248-5A82-2EE7-39A0-1DF681A8108A}.Release|Any CPU.Build.0 = Release|Any CPU
	EndGlobalSection
	GlobalSection(SolutionProperties) = preSolution
		HideSolutionNode = FALSE
	EndGlobalSection
	GlobalSection(ExtensibilityGlobals) = postSolution
		SolutionGuid = {9E113911-9D5B-4411-A83F-E77F5F48AC72}
	EndGlobalSection
EndGlobal
